
Microsoft Visual Studio Solution File, Format Version 12.00
# Visual Studio Version 16
VisualStudioVersion = 16.0.31105.61
MinimumVisualStudioVersion = 10.0.40219.1
Project("{9A19103F-16F7-4668-BE54-9A1E7A4F7556}") = "Kursai_2021-03-22", "Kursai_2021-03-22\Kursai_2021-03-22.csproj", "{058DFD04-902E-40E2-B133-C2A11D9FAF05}"
EndProject
Project("{FAE04EC0-301F-11D3-BF4B-00C04F79EFBC}") = "P3_OOP", "P3_OOP\P3_OOP.csproj", "{A6222B54-4278-4E3E-9C03-CC6A8943E476}"
EndProject
Global
	GlobalSection(SolutionConfigurationPlatforms) = preSolution
		Debug|Any CPU = Debug|Any CPU
		Release|Any CPU = Release|Any CPU
	EndGlobalSection
	GlobalSection(ProjectConfigurationPlatforms) = postSolution
		{058DFD04-902E-40E2-B133-C2A11D9FAF05}.Debug|Any CPU.ActiveCfg = Debug|Any CPU
		{058DFD04-902E-40E2-B133-C2A11D9FAF05}.Debug|Any CPU.Build.0 = Debug|Any CPU
		{058DFD04-902E-40E2-B133-C2A11D9FAF05}.Release|Any CPU.ActiveCfg = Release|Any CPU
		{058DFD04-902E-40E2-B133-C2A11D9FAF05}.Release|Any CPU.Build.0 = Release|Any CPU
		{A6222B54-4278-4E3E-9C03-CC6A8943E476}.Debug|Any CPU.ActiveCfg = Debug|Any CPU
		{A6222B54-4278-4E3E-9C03-CC6A8943E476}.Debug|Any CPU.Build.0 = Debug|Any CPU
		{A6222B54-4278-4E3E-9C03-CC6A8943E476}.Release|Any CPU.ActiveCfg = Release|Any CPU
		{A6222B54-4278-4E3E-9C03-CC6A8943E476}.Release|Any CPU.Build.0 = Release|Any CPU
	EndGlobalSection
	GlobalSection(SolutionProperties) = preSolution
		HideSolutionNode = FALSE
	EndGlobalSection
	GlobalSection(ExtensibilityGlobals) = postSolution
		SolutionGuid = {FD6559A3-1ABE-4500-BEB2-DAE4E58ACDC5}
	EndGlobalSection
EndGlobal
