
Microsoft Visual Studio Solution File, Format Version 12.00
# Visual Studio Version 16
VisualStudioVersion = 16.0.31129.286
MinimumVisualStudioVersion = 10.0.40219.1
Project("{FAE04EC0-301F-11D3-BF4B-00C04F79EFBC}") = "P5_OOP", "P5_OOP\P5_OOP.csproj", "{63E2A76E-C52A-47B8-89C7-04D8EED52584}"
EndProject
Global
	GlobalSection(SolutionConfigurationPlatforms) = preSolution
		Debug|Any CPU = Debug|Any CPU
		Release|Any CPU = Release|Any CPU
	EndGlobalSection
	GlobalSection(ProjectConfigurationPlatforms) = postSolution
		{63E2A76E-C52A-47B8-89C7-04D8EED52584}.Debug|Any CPU.ActiveCfg = Debug|Any CPU
		{63E2A76E-C52A-47B8-89C7-04D8EED52584}.Debug|Any CPU.Build.0 = Debug|Any CPU
		{63E2A76E-C52A-47B8-89C7-04D8EED52584}.Release|Any CPU.ActiveCfg = Release|Any CPU
		{63E2A76E-C52A-47B8-89C7-04D8EED52584}.Release|Any CPU.Build.0 = Release|Any CPU
	EndGlobalSection
	GlobalSection(SolutionProperties) = preSolution
		HideSolutionNode = FALSE
	EndGlobalSection
	GlobalSection(ExtensibilityGlobals) = postSolution
		SolutionGuid = {DD38635B-7CBE-4BD6-9F24-A2C35D81C48B}
	EndGlobalSection
EndGlobal
